
Microsoft Visual Studio Solution File, Format Version 12.00
# Visual Studio 15
VisualStudioVersion = 15.0.28307.136
MinimumVisualStudioVersion = 10.0.40219.1
Project("{FAE04EC0-301F-11D3-BF4B-00C04F79EFBC}") = "CenterTaskbar", "WindowsFormsApp2\CenterTaskbar.csproj", "{939EFB11-A324-4C2C-8E16-E6529B3B0FF4}"
EndProject
Global
	GlobalSection(SolutionConfigurationPlatforms) = preSolution
		Debug|Any CPU = Debug|Any CPU
		Release|Any CPU = Release|Any CPU
	EndGlobalSection
	GlobalSection(ProjectConfigurationPlatforms) = postSolution
		{939EFB11-A324-4C2C-8E16-E6529B3B0FF4}.Debug|Any CPU.ActiveCfg = Debug|Any CPU
		{939EFB11-A324-4C2C-8E16-E6529B3B0FF4}.Debug|Any CPU.Build.0 = Debug|Any CPU
		{939EFB11-A324-4C2C-8E16-E6529B3B0FF4}.Release|Any CPU.ActiveCfg = Release|Any CPU
		{939EFB11-A324-4C2C-8E16-E6529B3B0FF4}.Release|Any CPU.Build.0 = Release|Any CPU
	EndGlobalSection
	GlobalSection(SolutionProperties) = preSolution
		HideSolutionNode = FALSE
	EndGlobalSection
	GlobalSection(ExtensibilityGlobals) = postSolution
		SolutionGuid = {3E72CEDC-81F7-4ECE-BCE6-3B02F19B30C7}
	EndGlobalSection
EndGlobal
